
Microsoft Visual Studio Solution File, Format Version 12.00
# Visual Studio 15
VisualStudioVersion = 15.0.27703.2000
MinimumVisualStudioVersion = 10.0.40219.1
Project("{FAE04EC0-301F-11D3-BF4B-00C04F79EFBC}") = "ProyectoFinal", "ProyectoFinal\ProyectoFinal.csproj", "{27F503AA-658E-4667-B4E6-2A20AAAD1F39}"
EndProject
Global
	GlobalSection(SolutionConfigurationPlatforms) = preSolution
		Debug|Any CPU = Debug|Any CPU
		Release|Any CPU = Release|Any CPU
	EndGlobalSection
	GlobalSection(ProjectConfigurationPlatforms) = postSolution
		{27F503AA-658E-4667-B4E6-2A20AAAD1F39}.Debug|Any CPU.ActiveCfg = Debug|Any CPU
		{27F503AA-658E-4667-B4E6-2A20AAAD1F39}.Debug|Any CPU.Build.0 = Debug|Any CPU
		{27F503AA-658E-4667-B4E6-2A20AAAD1F39}.Release|Any CPU.ActiveCfg = Release|Any CPU
		{27F503AA-658E-4667-B4E6-2A20AAAD1F39}.Release|Any CPU.Build.0 = Release|Any CPU
	EndGlobalSection
	GlobalSection(SolutionProperties) = preSolution
		HideSolutionNode = FALSE
	EndGlobalSection
	GlobalSection(ExtensibilityGlobals) = postSolution
		SolutionGuid = {A745DF17-0D8B-4BE6-99CA-64FE01E4934B}
	EndGlobalSection
EndGlobal
